
Microsoft Visual Studio Solution File, Format Version 12.00
# Visual Studio Version 17
VisualStudioVersion = 17.14.36511.14 d17.14
MinimumVisualStudioVersion = 10.0.40219.1
Project("{F14B399A-7131-4C87-9E4B-1186C45EF12D}") = "Student Report Project", "Student Report Project\Student Report Project.rptproj", "{11F9C467-07FA-CDCC-B743-078BD2921FFA}"
EndProject
Global
	GlobalSection(SolutionConfigurationPlatforms) = preSolution
		Debug|Default = Debug|Default
		DebugLocal|Default = DebugLocal|Default
		Release|Default = Release|Default
	EndGlobalSection
	GlobalSection(ProjectConfigurationPlatforms) = postSolution
		{11F9C467-07FA-CDCC-B743-078BD2921FFA}.Debug|Default.ActiveCfg = Debug
		{11F9C467-07FA-CDCC-B743-078BD2921FFA}.Debug|Default.Build.0 = Debug
		{11F9C467-07FA-CDCC-B743-078BD2921FFA}.Debug|Default.Deploy.0 = Debug
		{11F9C467-07FA-CDCC-B743-078BD2921FFA}.DebugLocal|Default.ActiveCfg = DebugLocal
		{11F9C467-07FA-CDCC-B743-078BD2921FFA}.DebugLocal|Default.Build.0 = DebugLocal
		{11F9C467-07FA-CDCC-B743-078BD2921FFA}.Release|Default.ActiveCfg = Release
		{11F9C467-07FA-CDCC-B743-078BD2921FFA}.Release|Default.Build.0 = Release
		{11F9C467-07FA-CDCC-B743-078BD2921FFA}.Release|Default.Deploy.0 = Release
	EndGlobalSection
	GlobalSection(SolutionProperties) = preSolution
		HideSolutionNode = FALSE
	EndGlobalSection
	GlobalSection(ExtensibilityGlobals) = postSolution
		SolutionGuid = {008D9D4D-60CE-4A68-911E-715CC394DA73}
	EndGlobalSection
EndGlobal
